
Microsoft Visual Studio Solution File, Format Version 12.00
# Visual Studio Version 16
VisualStudioVersion = 16.0.29806.167
MinimumVisualStudioVersion = 10.0.40219.1
Project("{FAE04EC0-301F-11D3-BF4B-00C04F79EFBC}") = "App.Android", "App\App.Android\App.Android.csproj", "{CDD89674-F29B-436D-96AC-A39990F0CBB4}"
EndProject
Project("{FAE04EC0-301F-11D3-BF4B-00C04F79EFBC}") = "App.iOS", "App\App.iOS\App.iOS.csproj", "{BBDA03C8-9CA1-40BC-80EB-9328411F4C6B}"
EndProject
Project("{FAE04EC0-301F-11D3-BF4B-00C04F79EFBC}") = "App", "App\App\App.csproj", "{2E0358B1-AE47-4752-A872-60F388095C92}"
EndProject
Global
	GlobalSection(SolutionConfigurationPlatforms) = preSolution
		Debug|Any CPU = Debug|Any CPU
		Debug|iPhone = Debug|iPhone
		Debug|iPhoneSimulator = Debug|iPhoneSimulator
		Release|Any CPU = Release|Any CPU
		Release|iPhone = Release|iPhone
		Release|iPhoneSimulator = Release|iPhoneSimulator
	EndGlobalSection
	GlobalSection(ProjectConfigurationPlatforms) = postSolution
		{CDD89674-F29B-436D-96AC-A39990F0CBB4}.Debug|Any CPU.ActiveCfg = Debug|Any CPU
		{CDD89674-F29B-436D-96AC-A39990F0CBB4}.Debug|Any CPU.Build.0 = Debug|Any CPU
		{CDD89674-F29B-436D-96AC-A39990F0CBB4}.Debug|Any CPU.Deploy.0 = Debug|Any CPU
		{CDD89674-F29B-436D-96AC-A39990F0CBB4}.Debug|iPhone.ActiveCfg = Debug|Any CPU
		{CDD89674-F29B-436D-96AC-A39990F0CBB4}.Debug|iPhone.Build.0 = Debug|Any CPU
		{CDD89674-F29B-436D-96AC-A39990F0CBB4}.Debug|iPhone.Deploy.0 = Debug|Any CPU
		{CDD89674-F29B-436D-96AC-A39990F0CBB4}.Debug|iPhoneSimulator.ActiveCfg = Debug|Any CPU
		{CDD89674-F29B-436D-96AC-A39990F0CBB4}.Debug|iPhoneSimulator.Build.0 = Debug|Any CPU
		{CDD89674-F29B-436D-96AC-A39990F0CBB4}.Debug|iPhoneSimulator.Deploy.0 = Debug|Any CPU
		{CDD89674-F29B-436D-96AC-A39990F0CBB4}.Release|Any CPU.ActiveCfg = Release|Any CPU
		{CDD89674-F29B-436D-96AC-A39990F0CBB4}.Release|Any CPU.Build.0 = Release|Any CPU
		{CDD89674-F29B-436D-96AC-A39990F0CBB4}.Release|Any CPU.Deploy.0 = Release|Any CPU
		{CDD89674-F29B-436D-96AC-A39990F0CBB4}.Release|iPhone.ActiveCfg = Release|Any CPU
		{CDD89674-F29B-436D-96AC-A39990F0CBB4}.Release|iPhone.Build.0 = Release|Any CPU
		{CDD89674-F29B-436D-96AC-A39990F0CBB4}.Release|iPhone.Deploy.0 = Release|Any CPU
		{CDD89674-F29B-436D-96AC-A39990F0CBB4}.Release|iPhoneSimulator.ActiveCfg = Release|Any CPU
		{CDD89674-F29B-436D-96AC-A39990F0CBB4}.Release|iPhoneSimulator.Build.0 = Release|Any CPU
		{CDD89674-F29B-436D-96AC-A39990F0CBB4}.Release|iPhoneSimulator.Deploy.0 = Release|Any CPU
		{BBDA03C8-9CA1-40BC-80EB-9328411F4C6B}.Debug|Any CPU.ActiveCfg = Debug|iPhoneSimulator
		{BBDA03C8-9CA1-40BC-80EB-9328411F4C6B}.Debug|Any CPU.Build.0 = Debug|iPhoneSimulator
		{BBDA03C8-9CA1-40BC-80EB-9328411F4C6B}.Debug|Any CPU.Deploy.0 = Debug|iPhoneSimulator
		{BBDA03C8-9CA1-40BC-80EB-9328411F4C6B}.Debug|iPhone.ActiveCfg = Debug|iPhone
		{BBDA03C8-9CA1-40BC-80EB-9328411F4C6B}.Debug|iPhone.Build.0 = Debug|iPhone
		{BBDA03C8-9CA1-40BC-80EB-9328411F4C6B}.Debug|iPhone.Deploy.0 = Debug|iPhone
		{BBDA03C8-9CA1-40BC-80EB-9328411F4C6B}.Debug|iPhoneSimulator.ActiveCfg = Debug|iPhoneSimulator
		{BBDA03C8-9CA1-40BC-80EB-9328411F4C6B}.Debug|iPhoneSimulator.Build.0 = Debug|iPhoneSimulator
		{BBDA03C8-9CA1-40BC-80EB-9328411F4C6B}.Debug|iPhoneSimulator.Deploy.0 = Debug|iPhoneSimulator
		{BBDA03C8-9CA1-40BC-80EB-9328411F4C6B}.Release|Any CPU.ActiveCfg = Release|iPhone
		{BBDA03C8-9CA1-40BC-80EB-9328411F4C6B}.Release|Any CPU.Build.0 = Release|iPhone
		{BBDA03C8-9CA1-40BC-80EB-9328411F4C6B}.Release|Any CPU.Deploy.0 = Release|iPhone
		{BBDA03C8-9CA1-40BC-80EB-9328411F4C6B}.Release|iPhone.ActiveCfg = Release|iPhone
		{BBDA03C8-9CA1-40BC-80EB-9328411F4C6B}.Release|iPhone.Build.0 = Release|iPhone
		{BBDA03C8-9CA1-40BC-80EB-9328411F4C6B}.Release|iPhone.Deploy.0 = Release|iPhone
		{BBDA03C8-9CA1-40BC-80EB-9328411F4C6B}.Release|iPhoneSimulator.ActiveCfg = Release|iPhoneSimulator
		{BBDA03C8-9CA1-40BC-80EB-9328411F4C6B}.Release|iPhoneSimulator.Build.0 = Release|iPhoneSimulator
		{BBDA03C8-9CA1-40BC-80EB-9328411F4C6B}.Release|iPhoneSimulator.Deploy.0 = Release|iPhoneSimulator
		{2E0358B1-AE47-4752-A872-60F388095C92}.Debug|Any CPU.ActiveCfg = Debug|Any CPU
		{2E0358B1-AE47-4752-A872-60F388095C92}.Debug|Any CPU.Build.0 = Debug|Any CPU
		{2E0358B1-AE47-4752-A872-60F388095C92}.Debug|Any CPU.Deploy.0 = Debug|Any CPU
		{2E0358B1-AE47-4752-A872-60F388095C92}.Debug|iPhone.ActiveCfg = Debug|Any CPU
		{2E0358B1-AE47-4752-A872-60F388095C92}.Debug|iPhone.Build.0 = Debug|Any CPU
		{2E0358B1-AE47-4752-A872-60F388095C92}.Debug|iPhone.Deploy.0 = Debug|Any CPU
		{2E0358B1-AE47-4752-A872-60F388095C92}.Debug|iPhoneSimulator.ActiveCfg = Debug|Any CPU
		{2E0358B1-AE47-4752-A872-60F388095C92}.Debug|iPhoneSimulator.Build.0 = Debug|Any CPU
		{2E0358B1-AE47-4752-A872-60F388095C92}.Debug|iPhoneSimulator.Deploy.0 = Debug|Any CPU
		{2E0358B1-AE47-4752-A872-60F388095C92}.Release|Any CPU.ActiveCfg = Release|Any CPU
		{2E0358B1-AE47-4752-A872-60F388095C92}.Release|Any CPU.Build.0 = Release|Any CPU
		{2E0358B1-AE47-4752-A872-60F388095C92}.Release|Any CPU.Deploy.0 = Release|Any CPU
		{2E0358B1-AE47-4752-A872-60F388095C92}.Release|iPhone.ActiveCfg = Release|Any CPU
		{2E0358B1-AE47-4752-A872-60F388095C92}.Release|iPhone.Build.0 = Release|Any CPU
		{2E0358B1-AE47-4752-A872-60F388095C92}.Release|iPhone.Deploy.0 = Release|Any CPU
		{2E0358B1-AE47-4752-A872-60F388095C92}.Release|iPhoneSimulator.ActiveCfg = Release|Any CPU
		{2E0358B1-AE47-4752-A872-60F388095C92}.Release|iPhoneSimulator.Build.0 = Release|Any CPU
		{2E0358B1-AE47-4752-A872-60F388095C92}.Release|iPhoneSimulator.Deploy.0 = Release|Any CPU
	EndGlobalSection
	GlobalSection(SolutionProperties) = preSolution
		HideSolutionNode = FALSE
	EndGlobalSection
	GlobalSection(ExtensibilityGlobals) = postSolution
		SolutionGuid = {6CFCE04E-371D-4A3B-B9CF-87B3065A3DB8}
	EndGlobalSection
EndGlobal
